
Microsoft Visual Studio Solution File, Format Version 12.00
# Visual Studio Version 17
VisualStudioVersion = 17.7.34221.43
MinimumVisualStudioVersion = 10.0.40219.1
Project("{FAE04EC0-301F-11D3-BF4B-00C04F79EFBC}") = "Assignment21Part2Day16", "Assignment21Part2Day16.csproj", "{C79560F3-3420-406C-93C7-B6967618A035}"
EndProject
Global
	GlobalSection(SolutionConfigurationPlatforms) = preSolution
		Debug|Any CPU = Debug|Any CPU
		Release|Any CPU = Release|Any CPU
	EndGlobalSection
	GlobalSection(ProjectConfigurationPlatforms) = postSolution
		{C79560F3-3420-406C-93C7-B6967618A035}.Debug|Any CPU.ActiveCfg = Debug|Any CPU
		{C79560F3-3420-406C-93C7-B6967618A035}.Debug|Any CPU.Build.0 = Debug|Any CPU
		{C79560F3-3420-406C-93C7-B6967618A035}.Release|Any CPU.ActiveCfg = Release|Any CPU
		{C79560F3-3420-406C-93C7-B6967618A035}.Release|Any CPU.Build.0 = Release|Any CPU
	EndGlobalSection
	GlobalSection(SolutionProperties) = preSolution
		HideSolutionNode = FALSE
	EndGlobalSection
	GlobalSection(ExtensibilityGlobals) = postSolution
		SolutionGuid = {2ADD5A54-A8AB-4C7E-A014-5569A8061BF1}
	EndGlobalSection
EndGlobal
